// !$*UTF8*$!
{
	archiveVersion = 1;
	classes = {
	};
	objectVersion = 55;
	objects = {

/* Begin PBXBuildFile section */
		78086A27281FBFF7000D769C /* AppDelegate.swift in Sources */ = {isa = PBXBuildFile; fileRef = 78086A26281FBFF7000D769C /* AppDelegate.swift */; };
		78086A29281FBFF7000D769C /* SceneDelegate.swift in Sources */ = {isa = PBXBuildFile; fileRef = 78086A28281FBFF7000D769C /* SceneDelegate.swift */; };
		78086A2B281FBFF7000D769C /* ViewController.swift in Sources */ = {isa = PBXBuildFile; fileRef = 78086A2A281FBFF7000D769C /* ViewController.swift */; };
		78086A2E281FBFF7000D769C /* Main.storyboard in Resources */ = {isa = PBXBuildFile; fileRef = 78086A2C281FBFF7000D769C /* Main.storyboard */; };
		78086A31281FBFF7000D769C /* Hit_Coin_App.xcdatamodeld in Sources */ = {isa = PBXBuildFile; fileRef = 78086A2F281FBFF7000D769C /* Hit_Coin_App.xcdatamodeld */; };
		78086A33281FBFF9000D769C /* Assets.xcassets in Resources */ = {isa = PBXBuildFile; fileRef = 78086A32281FBFF9000D769C /* Assets.xcassets */; };
		78086A36281FBFF9000D769C /* LaunchScreen.storyboard in Resources */ = {isa = PBXBuildFile; fileRef = 78086A34281FBFF9000D769C /* LaunchScreen.storyboard */; };
		78086A40281FC29B000D769C /* CoinManager.swift in Sources */ = {isa = PBXBuildFile; fileRef = 78086A3F281FC29B000D769C /* CoinManager.swift */; };
		78086A43281FC2C6000D769C /* CoinData.swift in Sources */ = {isa = PBXBuildFile; fileRef = 78086A42281FC2C6000D769C /* CoinData.swift */; };
/* End PBXBuildFile section */

/* Begin PBXFileReference section */
		78086A23281FBFF7000D769C /* Hit Coin App.app */ = {isa = PBXFileReference; explicitFileType = wrapper.application; includeInIndex = 0; path = "Hit Coin App.app"; sourceTree = BUILT_PRODUCTS_DIR; };
		78086A26281FBFF7000D769C /* AppDelegate.swift */ = {isa = PBXFileReference; lastKnownFileType = sourcecode.swift; path = AppDelegate.swift; sourceTree = "<group>"; };
		78086A28281FBFF7000D769C /* SceneDelegate.swift */ = {isa = PBXFileReference; lastKnownFileType = sourcecode.swift; path = SceneDelegate.swift; sourceTree = "<group>"; };
		78086A2A281FBFF7000D769C /* ViewController.swift */ = {isa = PBXFileReference; lastKnownFileType = sourcecode.swift; path = ViewController.swift; sourceTree = "<group>"; };
		78086A2D281FBFF7000D769C /* Base */ = {isa = PBXFileReference; lastKnownFileType = file.storyboard; name = Base; path = Base.lproj/Main.storyboard; sourceTree = "<group>"; };
		78086A30281FBFF7000D769C /* Hit_Coin_App.xcdatamodel */ = {isa = PBXFileReference; lastKnownFileType = wrapper.xcdatamodel; path = Hit_Coin_App.xcdatamodel; sourceTree = "<group>"; };
		78086A32281FBFF9000D769C /* Assets.xcassets */ = {isa = PBXFileReference; lastKnownFileType = folder.assetcatalog; path = Assets.xcassets; sourceTree = "<group>"; };
		78086A35281FBFF9000D769C /* Base */ = {isa = PBXFileReference; lastKnownFileType = file.storyboard; name = Base; path = Base.lproj/LaunchScreen.storyboard; sourceTree = "<group>"; };
		78086A37281FBFF9000D769C /* Info.plist */ = {isa = PBXFileReference; lastKnownFileType = text.plist.xml; path = Info.plist; sourceTree = "<group>"; };
		78086A3F281FC29B000D769C /* CoinManager.swift */ = {isa = PBXFileReference; lastKnownFileType = sourcecode.swift; path = CoinManager.swift; sourceTree = "<group>"; };
		78086A42281FC2C6000D769C /* CoinData.swift */ = {isa = PBXFileReference; lastKnownFileType = sourcecode.swift; path = CoinData.swift; sourceTree = "<group>"; };
/* End PBXFileReference section */

/* Begin PBXFrameworksBuildPhase section */
		78086A20281FBFF7000D769C /* Frameworks */ = {
			isa = PBXFrameworksBuildPhase;
			buildActionMask = 2147483647;
			files = (
			);
			runOnlyForDeploymentPostprocessing = 0;
		};
/* End PBXFrameworksBuildPhase section */

/* Begin PBXGroup section */
		78086A1A281FBFF7000D769C = {
			isa = PBXGroup;
			children = (
				78086A25281FBFF7000D769C /* Hit Coin App */,
				78086A24281FBFF7000D769C /* Products */,
			);
			sourceTree = "<group>";
		};
		78086A24281FBFF7000D769C /* Products */ = {
			isa = PBXGroup;
			children = (
				78086A23281FBFF7000D769C /* Hit Coin App.app */,
			);
			name = Products;
			sourceTree = "<group>";
		};
		78086A25281FBFF7000D769C /* Hit Coin App */ = {
			isa = PBXGroup;
			children = (
				78086A26281FBFF7000D769C /* AppDelegate.swift */,
				78086A28281FBFF7000D769C /* SceneDelegate.swift */,
				78086A41281FC2A0000D769C /* Model */,
				78086A3E281FC274000D769C /* Controller */,
				784C5B482820CC8800F1212A /* View */,
				78086A32281FBFF9000D769C /* Assets.xcassets */,
				78086A34281FBFF9000D769C /* LaunchScreen.storyboard */,
				78086A37281FBFF9000D769C /* Info.plist */,
				78086A2F281FBFF7000D769C /* Hit_Coin_App.xcdatamodeld */,
			);
			path = "Hit Coin App";
			sourceTree = "<group>";
		};
		78086A3E281FC274000D769C /* Controller */ = {
			isa = PBXGroup;
			children = (
				78086A2A281FBFF7000D769C /* ViewController.swift */,
			);
			path = Controller;
			sourceTree = "<group>";
		};
		78086A41281FC2A0000D769C /* Model */ = {
			isa = PBXGroup;
			children = (
				78086A3F281FC29B000D769C /* CoinManager.swift */,
				78086A42281FC2C6000D769C /* CoinData.swift */,
			);
			path = Model;
			sourceTree = "<group>";
		};
		784C5B482820CC8800F1212A /* View */ = {
			isa = PBXGroup;
			children = (
				78086A2C281FBFF7000D769C /* Main.storyboard */,
			);
			path = View;
			sourceTree = "<group>";
		};
/* End PBXGroup section */

/* Begin PBXNativeTarget section */
		78086A22281FBFF7000D769C /* Hit Coin App */ = {
			isa = PBXNativeTarget;
			buildConfigurationList = 78086A3A281FBFF9000D769C /* Build configuration list for PBXNativeTarget "Hit Coin App" */;
			buildPhases = (
				78086A1F281FBFF7000D769C /* Sources */,
				78086A20281FBFF7000D769C /* Frameworks */,
				78086A21281FBFF7000D769C /* Resources */,
			);
			buildRules = (
			);
			dependencies = (
			);
			name = "Hit Coin App";
			productName = "Hit Coin App";
			productReference = 78086A23281FBFF7000D769C /* Hit Coin App.app */;
			productType = "com.apple.product-type.application";
		};
/* End PBXNativeTarget section */

/* Begin PBXProject section */
		78086A1B281FBFF7000D769C /* Project object */ = {
			isa = PBXProject;
			attributes = {
				BuildIndependentTargetsInParallel = 1;
				LastSwiftUpdateCheck = 1330;
				LastUpgradeCheck = 1330;
				TargetAttributes = {
					78086A22281FBFF7000D769C = {
						CreatedOnToolsVersion = 13.3.1;
					};
				};
			};
			buildConfigurationList = 78086A1E281FBFF7000D769C /* Build configuration list for PBXProject "Hit Coin App" */;
			compatibilityVersion = "Xcode 13.0";
			developmentRegion = en;
			hasScannedForEncodings = 0;
			knownRegions = (
				en,
				Base,
			);
			mainGroup = 78086A1A281FBFF7000D769C;
			productRefGroup = 78086A24281FBFF7000D769C /* Products */;
			projectDirPath = "";
			projectRoot = "";
			targets = (
				78086A22281FBFF7000D769C /* Hit Coin App */,
			);
		};
/* End PBXProject section */

/* Begin PBXResourcesBuildPhase section */
		78086A21281FBFF7000D769C /* Resources */ = {
			isa = PBXResourcesBuildPhase;
			buildActionMask = 2147483647;
			files = (
				78086A36281FBFF9000D769C /* LaunchScreen.storyboard in Resources */,
				78086A33281FBFF9000D769C /* Assets.xcassets in Resources */,
				78086A2E281FBFF7000D769C /* Main.storyboard in Resources */,
			);
			runOnlyForDeploymentPostprocessing = 0;
		};
/* End PBXResourcesBuildPhase section */

/* Begin PBXSourcesBuildPhase section */
		78086A1F281FBFF7000D769C /* Sources */ = {
			isa = PBXSourcesBuildPhase;
			buildActionMask = 2147483647;
			files = (
				78086A43281FC2C6000D769C /* CoinData.swift in Sources */,
				78086A2B281FBFF7000D769C /* ViewController.swift in Sources */,
				78086A27281FBFF7000D769C /* AppDelegate.swift in Sources */,
				78086A31281FBFF7000D769C /* Hit_Coin_App.xcdatamodeld in Sources */,
				78086A29281FBFF7000D769C /* SceneDelegate.swift in Sources */,
				78086A40281FC29B000D769C /* CoinManager.swift in Sources */,
			);
			runOnlyForDeploymentPostprocessing = 0;
		};
/* End PBXSourcesBuildPhase section */

/* Begin PBXVariantGroup section */
		78086A2C281FBFF7000D769C /* Main.storyboard */ = {
			isa = PBXVariantGroup;
			children = (
				78086A2D281FBFF7000D769C /* Base */,
			);
			name = Main.storyboard;
			sourceTree = "<group>";
		};
		78086A34281FBFF9000D769C /* LaunchScreen.storyboard */ = {
			isa = PBXVariantGroup;
			children = (
				78086A35281FBFF9000D769C /* Base */,
			);
			name = LaunchScreen.storyboard;
			sourceTree = "<group>";
		};
/* End PBXVariantGroup section */

/* Begin XCBuildConfiguration section */
		78086A38281FBFF9000D769C /* Debug */ = {
			isa = XCBuildConfiguration;
			buildSettings = {
				ALWAYS_SEARCH_USER_PATHS = NO;
				CLANG_ANALYZER_NONNULL = YES;
				CLANG_ANALYZER_NUMBER_OBJECT_CONVERSION = YES_AGGRESSIVE;
				CLANG_CXX_LANGUAGE_STANDARD = "gnu++17";
				CLANG_ENABLE_MODULES = YES;
				CLANG_ENABLE_OBJC_ARC = YES;
				CLANG_ENABLE_OBJC_WEAK = YES;
				CLANG_WARN_BLOCK_CAPTURE_AUTORELEASING = YES;
				CLANG_WARN_BOOL_CONVERSION = YES;
				CLANG_WARN_COMMA = YES;
				CLANG_WARN_CONSTANT_CONVERSION = YES;
				CLANG_WARN_DEPRECATED_OBJC_IMPLEMENTATIONS = YES;
				CLANG_WARN_DIRECT_OBJC_ISA_USAGE = YES_ERROR;
				CLANG_WARN_DOCUMENTATION_COMMENTS = YES;
				CLANG_WARN_EMPTY_BODY = YES;
				CLANG_WARN_ENUM_CONVERSION = YES;
				CLANG_WARN_INFINITE_RECURSION = YES;
				CLANG_WARN_INT_CONVERSION = YES;
				CLANG_WARN_NON_LITERAL_NULL_CONVERSION = YES;
				CLANG_WARN_OBJC_IMPLICIT_RETAIN_SELF = YES;
				CLANG_WARN_OBJC_LITERAL_CONVERSION = YES;
				CLANG_WARN_OBJC_ROOT_CLASS = YES_ERROR;
				CLANG_WARN_QUOTED_INCLUDE_IN_FRAMEWORK_HEADER = YES;
				CLANG_WARN_RANGE_LOOP_ANALYSIS = YES;
				CLANG_WARN_STRICT_PROTOTYPES = YES;
				CLANG_WARN_SUSPICIOUS_MOVE = YES;
				CLANG_WARN_UNGUARDED_AVAILABILITY = YES_AGGRESSIVE;
				CLANG_WARN_UNREACHABLE_CODE = YES;
				CLANG_WARN__DUPLICATE_METHOD_MATCH = YES;
				COPY_PHASE_STRIP = NO;
				DEBUG_INFORMATION_FORMAT = dwarf;
				ENABLE_STRICT_OBJC_MSGSEND = YES;
				ENABLE_TESTABILITY = YES;
				GCC_C_LANGUAGE_STANDARD = gnu11;
				GCC_DYNAMIC_NO_PIC = NO;
				GCC_NO_COMMON_BLOCKS = YES;
				GCC_OPTIMIZATION_LEVEL = 0;
				GCC_PREPROCESSOR_DEFINITIONS = (
					"DEBUG=1",
					"$(inherited)",
				);
				GCC_WARN_64_TO_32_BIT_CONVERSION = YES;
				GCC_WARN_ABOUT_RETURN_TYPE = YES_ERROR;
				GCC_WARN_UNDECLARED_SELECTOR = YES;
				GCC_WARN_UNINITIALIZED_AUTOS = YES_AGGRESSIVE;
				GCC_WARN_UNUSED_FUNCTION = YES;
				GCC_WARN_UNUSED_VARIABLE = YES;
				IPHONEOS_DEPLOYMENT_TARGET = 15.4;
				MTL_ENABLE_DEBUG_INFO = INCLUDE_SOURCE;
				MTL_FAST_MATH = YES;
				ONLY_ACTIVE_ARCH = YES;
				SDKROOT = iphoneos;
				SWIFT_ACTIVE_COMPILATION_CONDITIONS = DEBUG;
				SWIFT_OPTIMIZATION_LEVEL = "-Onone";
			};
			name = Debug;
		};
		78086A39281FBFF9000D769C /* Release */ = {
			isa = XCBuildConfiguration;
			buildSettings = {
				ALWAYS_SEARCH_USER_PATHS = NO;
				CLANG_ANALYZER_NONNULL = YES;
				CLANG_ANALYZER_NUMBER_OBJECT_CONVERSION = YES_AGGRESSIVE;
				CLANG_CXX_LANGUAGE_STANDARD = "gnu++17";
				CLANG_ENABLE_MODULES = YES;
				CLANG_ENABLE_OBJC_ARC = YES;
				CLANG_ENABLE_OBJC_WEAK = YES;
				CLANG_WARN_BLOCK_CAPTURE_AUTORELEASING = YES;
				CLANG_WARN_BOOL_CONVERSION = YES;
				CLANG_WARN_COMMA = YES;
				CLANG_WARN_CONSTANT_CONVERSION = YES;
				CLANG_WARN_DEPRECATED_OBJC_IMPLEMENTATIONS = YES;
				CLANG_WARN_DIRECT_OBJC_ISA_USAGE = YES_ERROR;
				CLANG_WARN_DOCUMENTATION_COMMENTS = YES;
				CLANG_WARN_EMPTY_BODY = YES;
				CLANG_WARN_ENUM_CONVERSION = YES;
				CLANG_WARN_INFINITE_RECURSION = YES;
				CLANG_WARN_INT_CONVERSION = YES;
				CLANG_WARN_NON_LITERAL_NULL_CONVERSION = YES;
				CLANG_WARN_OBJC_IMPLICIT_RETAIN_SELF = YES;
				CLANG_WARN_OBJC_LITERAL_CONVERSION = YES;
				CLANG_WARN_OBJC_ROOT_CLASS = YES_ERROR;
				CLANG_WARN_QUOTED_INCLUDE_IN_FRAMEWORK_HEADER = YES;
				CLANG_WARN_RANGE_LOOP_ANALYSIS = YES;
				CLANG_WARN_STRICT_PROTOTYPES = YES;
				CLANG_WARN_SUSPICIOUS_MOVE = YES;
				CLANG_WARN_UNGUARDED_AVAILABILITY = YES_AGGRESSIVE;
				CLANG_WARN_UNREACHABLE_CODE = YES;
				CLANG_WARN__DUPLICATE_METHOD_MATCH = YES;
				COPY_PHASE_STRIP = NO;
				DEBUG_INFORMATION_FORMAT = "dwarf-with-dsym";
				ENABLE_NS_ASSERTIONS = NO;
				ENABLE_STRICT_OBJC_MSGSEND = YES;
				GCC_C_LANGUAGE_STANDARD = gnu11;
				GCC_NO_COMMON_BLOCKS = YES;
				GCC_WARN_64_TO_32_BIT_CONVERSION = YES;
				GCC_WARN_ABOUT_RETURN_TYPE = YES_ERROR;
				GCC_WARN_UNDECLARED_SELECTOR = YES;
				GCC_WARN_UNINITIALIZED_AUTOS = YES_AGGRESSIVE;
				GCC_WARN_UNUSED_FUNCTION = YES;
				GCC_WARN_UNUSED_VARIABLE = YES;
				IPHONEOS_DEPLOYMENT_TARGET = 15.4;
				MTL_ENABLE_DEBUG_INFO = NO;
				MTL_FAST_MATH = YES;
				SDKROOT = iphoneos;
				SWIFT_COMPILATION_MODE = wholemodule;
				SWIFT_OPTIMIZATION_LEVEL = "-O";
				VALIDATE_PRODUCT = YES;
			};
			name = Release;
		};
		78086A3B281FBFF9000D769C /* Debug */ = {
			isa = XCBuildConfiguration;
			buildSettings = {
				ASSETCATALOG_COMPILER_APPICON_NAME = AppIcon;
				ASSETCATALOG_COMPILER_GLOBAL_ACCENT_COLOR_NAME = AccentColor;
				CODE_SIGN_STYLE = Automatic;
				CURRENT_PROJECT_VERSION = 1;
				DEVELOPMENT_TEAM = WQD7F9D6LV;
				GENERATE_INFOPLIST_FILE = YES;
				INFOPLIST_FILE = "Hit Coin App/Info.plist";
				INFOPLIST_KEY_UIApplicationSupportsIndirectInputEvents = YES;
				INFOPLIST_KEY_UILaunchStoryboardName = LaunchScreen;
				INFOPLIST_KEY_UIMainStoryboardFile = Main;
				INFOPLIST_KEY_UISupportedInterfaceOrientations_iPad = "UIInterfaceOrientationPortrait UIInterfaceOrientationPortraitUpsideDown UIInterfaceOrientationLandscapeLeft UIInterfaceOrientationLandscapeRight";
				INFOPLIST_KEY_UISupportedInterfaceOrientations_iPhone = "UIInterfaceOrientationPortrait UIInterfaceOrientationLandscapeLeft UIInterfaceOrientationLandscapeRight";
				LD_RUNPATH_SEARCH_PATHS = (
					"$(inherited)",
					"@executable_path/Frameworks",
				);
				MARKETING_VERSION = 1.0;
				PRODUCT_BUNDLE_IDENTIFIER = "com.moolman.Hit-Coin-App";
				PRODUCT_NAME = "$(TARGET_NAME)";
				SWIFT_EMIT_LOC_STRINGS = YES;
				SWIFT_VERSION = 5.0;
				TARGETED_DEVICE_FAMILY = "1,2";
			};
			name = Debug;
		};
		78086A3C281FBFF9000D769C /* Release */ = {
			isa = XCBuildConfiguration;
			buildSettings = {
				ASSETCATALOG_COMPILER_APPICON_NAME = AppIcon;
				ASSETCATALOG_COMPILER_GLOBAL_ACCENT_COLOR_NAME = AccentColor;
				CODE_SIGN_STYLE = Automatic;
				CURRENT_PROJECT_VERSION = 1;
				DEVELOPMENT_TEAM = WQD7F9D6LV;
				GENERATE_INFOPLIST_FILE = YES;
				INFOPLIST_FILE = "Hit Coin App/Info.plist";
				INFOPLIST_KEY_UIApplicationSupportsIndirectInputEvents = YES;
				INFOPLIST_KEY_UILaunchStoryboardName = LaunchScreen;
				INFOPLIST_KEY_UIMainStoryboardFile = Main;
				INFOPLIST_KEY_UISupportedInterfaceOrientations_iPad = "UIInterfaceOrientationPortrait UIInterfaceOrientationPortraitUpsideDown UIInterfaceOrientationLandscapeLeft UIInterfaceOrientationLandscapeRight";
				INFOPLIST_KEY_UISupportedInterfaceOrientations_iPhone = "UIInterfaceOrientationPortrait UIInterfaceOrientationLandscapeLeft UIInterfaceOrientationLandscapeRight";
				LD_RUNPATH_SEARCH_PATHS = (
					"$(inherited)",
					"@executable_path/Frameworks",
				);
				MARKETING_VERSION = 1.0;
				PRODUCT_BUNDLE_IDENTIFIER = "com.moolman.Hit-Coin-App";
				PRODUCT_NAME = "$(TARGET_NAME)";
				SWIFT_EMIT_LOC_STRINGS = YES;
				SWIFT_VERSION = 5.0;
				TARGETED_DEVICE_FAMILY = "1,2";
			};
			name = Release;
		};
/* End XCBuildConfiguration section */

/* Begin XCConfigurationList section */
		78086A1E281FBFF7000D769C /* Build configuration list for PBXProject "Hit Coin App" */ = {
			isa = XCConfigurationList;
			buildConfigurations = (
				78086A38281FBFF9000D769C /* Debug */,
				78086A39281FBFF9000D769C /* Release */,
			);
			defaultConfigurationIsVisible = 0;
			defaultConfigurationName = Release;
		};
		78086A3A281FBFF9000D769C /* Build configuration list for PBXNativeTarget "Hit Coin App" */ = {
			isa = XCConfigurationList;
			buildConfigurations = (
				78086A3B281FBFF9000D769C /* Debug */,
				78086A3C281FBFF9000D769C /* Release */,
			);
			defaultConfigurationIsVisible = 0;
			defaultConfigurationName = Release;
		};
/* End XCConfigurationList section */

/* Begin XCVersionGroup section */
		78086A2F281FBFF7000D769C /* Hit_Coin_App.xcdatamodeld */ = {
			isa = XCVersionGroup;
			children = (
				78086A30281FBFF7000D769C /* Hit_Coin_App.xcdatamodel */,
			);
			currentVersion = 78086A30281FBFF7000D769C /* Hit_Coin_App.xcdatamodel */;
			path = Hit_Coin_App.xcdatamodeld;
			sourceTree = "<group>";
			versionGroupType = wrapper.xcdatamodel;
		};
/* End XCVersionGroup section */
	};
	rootObject = 78086A1B281FBFF7000D769C /* Project object */;
}
